
Microsoft Visual Studio Solution File, Format Version 12.00
# Visual Studio 15
VisualStudioVersion = 15.0.28307.329
MinimumVisualStudioVersion = 10.0.40219.1
Project("{FAE04EC0-301F-11D3-BF4B-00C04F79EFBC}") = "ConnectSQLServer", "ConnectSQLServer\ConnectSQLServer.csproj", "{5DA3DEAF-851A-47D3-B520-2FD6C2561F2A}"
EndProject
Global
	GlobalSection(SolutionConfigurationPlatforms) = preSolution
		Debug|Any CPU = Debug|Any CPU
		Release|Any CPU = Release|Any CPU
	EndGlobalSection
	GlobalSection(ProjectConfigurationPlatforms) = postSolution
		{5DA3DEAF-851A-47D3-B520-2FD6C2561F2A}.Debug|Any CPU.ActiveCfg = Debug|Any CPU
		{5DA3DEAF-851A-47D3-B520-2FD6C2561F2A}.Debug|Any CPU.Build.0 = Debug|Any CPU
		{5DA3DEAF-851A-47D3-B520-2FD6C2561F2A}.Release|Any CPU.ActiveCfg = Release|Any CPU
		{5DA3DEAF-851A-47D3-B520-2FD6C2561F2A}.Release|Any CPU.Build.0 = Release|Any CPU
	EndGlobalSection
	GlobalSection(SolutionProperties) = preSolution
		HideSolutionNode = FALSE
	EndGlobalSection
	GlobalSection(ExtensibilityGlobals) = postSolution
		SolutionGuid = {7D297254-8EC7-4C1A-9174-C6017D470751}
	EndGlobalSection
EndGlobal
